// !$*UTF8*$!
{
	archiveVersion = 1;
	classes = {
	};
	objectVersion = 46;
	objects = {

/* Begin PBXBuildFile section */
		3731E0341D671CDF008F9BA9 /* main.m in Sources */ = {isa = PBXBuildFile; fileRef = 3731E0331D671CDF008F9BA9 /* main.m */; };
		3731E0371D671CDF008F9BA9 /* AppDelegate.m in Sources */ = {isa = PBXBuildFile; fileRef = 3731E0361D671CDF008F9BA9 /* AppDelegate.m */; };
		3731E03A1D671CDF008F9BA9 /* ViewController.m in Sources */ = {isa = PBXBuildFile; fileRef = 3731E0391D671CDF008F9BA9 /* ViewController.m */; };
		3731E03D1D671CDF008F9BA9 /* Main.storyboard in Resources */ = {isa = PBXBuildFile; fileRef = 3731E03B1D671CDF008F9BA9 /* Main.storyboard */; };
		3731E03F1D671CDF008F9BA9 /* Assets.xcassets in Resources */ = {isa = PBXBuildFile; fileRef = 3731E03E1D671CDF008F9BA9 /* Assets.xcassets */; };
		3731E0421D671CDF008F9BA9 /* LaunchScreen.storyboard in Resources */ = {isa = PBXBuildFile; fileRef = 3731E0401D671CDF008F9BA9 /* LaunchScreen.storyboard */; };
		3731E0641D671D0E008F9BA9 /* Info.plist in Resources */ = {isa = PBXBuildFile; fileRef = 3731E04A1D671D0E008F9BA9 /* Info.plist */; };
		3731E0651D671D0E008F9BA9 /* MASCompositeConstraint.m in Sources */ = {isa = PBXBuildFile; fileRef = 3731E04C1D671D0E008F9BA9 /* MASCompositeConstraint.m */; };
		3731E0661D671D0E008F9BA9 /* MASConstraint.m in Sources */ = {isa = PBXBuildFile; fileRef = 3731E04F1D671D0E008F9BA9 /* MASConstraint.m */; };
		3731E0671D671D0E008F9BA9 /* MASConstraintMaker.m in Sources */ = {isa = PBXBuildFile; fileRef = 3731E0511D671D0E008F9BA9 /* MASConstraintMaker.m */; };
		3731E0681D671D0E008F9BA9 /* MASLayoutConstraint.m in Sources */ = {isa = PBXBuildFile; fileRef = 3731E0531D671D0E008F9BA9 /* MASLayoutConstraint.m */; };
		3731E0691D671D0E008F9BA9 /* MASViewAttribute.m in Sources */ = {isa = PBXBuildFile; fileRef = 3731E0571D671D0E008F9BA9 /* MASViewAttribute.m */; };
		3731E06A1D671D0E008F9BA9 /* MASViewConstraint.m in Sources */ = {isa = PBXBuildFile; fileRef = 3731E0591D671D0E008F9BA9 /* MASViewConstraint.m */; };
		3731E06B1D671D0E008F9BA9 /* NSArray+MASAdditions.m in Sources */ = {isa = PBXBuildFile; fileRef = 3731E05B1D671D0E008F9BA9 /* NSArray+MASAdditions.m */; };
		3731E06C1D671D0E008F9BA9 /* NSLayoutConstraint+MASDebugAdditions.m in Sources */ = {isa = PBXBuildFile; fileRef = 3731E05E1D671D0E008F9BA9 /* NSLayoutConstraint+MASDebugAdditions.m */; };
		3731E06D1D671D0E008F9BA9 /* View+MASAdditions.m in Sources */ = {isa = PBXBuildFile; fileRef = 3731E0601D671D0E008F9BA9 /* View+MASAdditions.m */; };
		3731E06E1D671D0E008F9BA9 /* ViewController+MASAdditions.m in Sources */ = {isa = PBXBuildFile; fileRef = 3731E0631D671D0E008F9BA9 /* ViewController+MASAdditions.m */; };
		3731E1491D671DD6008F9BA9 /* HYBLoadImageView.m in Sources */ = {isa = PBXBuildFile; fileRef = 3731E1421D671DD6008F9BA9 /* HYBLoadImageView.m */; };
		3731E14A1D671DD6008F9BA9 /* HYBLoopScrollView.m in Sources */ = {isa = PBXBuildFile; fileRef = 3731E1441D671DD6008F9BA9 /* HYBLoopScrollView.m */; };
		3731E14B1D671DD6008F9BA9 /* HYBPageControl.m in Sources */ = {isa = PBXBuildFile; fileRef = 3731E1461D671DD6008F9BA9 /* HYBPageControl.m */; };
		3731E14C1D671DD6008F9BA9 /* UIView+HYBUIViewCommon.m in Sources */ = {isa = PBXBuildFile; fileRef = 3731E1481D671DD6008F9BA9 /* UIView+HYBUIViewCommon.m */; };
		3731E14F1D672058008F9BA9 /* CollectCell.m in Sources */ = {isa = PBXBuildFile; fileRef = 3731E14E1D672058008F9BA9 /* CollectCell.m */; };
		374BB7621D6856F700C25FA5 /* CollectionViewCell.m in Sources */ = {isa = PBXBuildFile; fileRef = 374BB7611D6856F700C25FA5 /* CollectionViewCell.m */; };
/* End PBXBuildFile section */

/* Begin PBXFileReference section */
		3731E02F1D671CDE008F9BA9 /* YHCountDown.app */ = {isa = PBXFileReference; explicitFileType = wrapper.application; includeInIndex = 0; path = YHCountDown.app; sourceTree = BUILT_PRODUCTS_DIR; };
		3731E0331D671CDF008F9BA9 /* main.m */ = {isa = PBXFileReference; lastKnownFileType = sourcecode.c.objc; path = main.m; sourceTree = "<group>"; };
		3731E0351D671CDF008F9BA9 /* AppDelegate.h */ = {isa = PBXFileReference; lastKnownFileType = sourcecode.c.h; path = AppDelegate.h; sourceTree = "<group>"; };
		3731E0361D671CDF008F9BA9 /* AppDelegate.m */ = {isa = PBXFileReference; lastKnownFileType = sourcecode.c.objc; path = AppDelegate.m; sourceTree = "<group>"; };
		3731E0381D671CDF008F9BA9 /* ViewController.h */ = {isa = PBXFileReference; lastKnownFileType = sourcecode.c.h; path = ViewController.h; sourceTree = "<group>"; };
		3731E0391D671CDF008F9BA9 /* ViewController.m */ = {isa = PBXFileReference; lastKnownFileType = sourcecode.c.objc; path = ViewController.m; sourceTree = "<group>"; };
		3731E03C1D671CDF008F9BA9 /* Base */ = {isa = PBXFileReference; lastKnownFileType = file.storyboard; name = Base; path = Base.lproj/Main.storyboard; sourceTree = "<group>"; };
		3731E03E1D671CDF008F9BA9 /* Assets.xcassets */ = {isa = PBXFileReference; lastKnownFileType = folder.assetcatalog; path = Assets.xcassets; sourceTree = "<group>"; };
		3731E0411D671CDF008F9BA9 /* Base */ = {isa = PBXFileReference; lastKnownFileType = file.storyboard; name = Base; path = Base.lproj/LaunchScreen.storyboard; sourceTree = "<group>"; };
		3731E0431D671CDF008F9BA9 /* Info.plist */ = {isa = PBXFileReference; lastKnownFileType = text.plist.xml; path = Info.plist; sourceTree = "<group>"; };
		3731E04A1D671D0E008F9BA9 /* Info.plist */ = {isa = PBXFileReference; fileEncoding = 4; lastKnownFileType = text.plist.xml; path = Info.plist; sourceTree = "<group>"; };
		3731E04B1D671D0E008F9BA9 /* MASCompositeConstraint.h */ = {isa = PBXFileReference; fileEncoding = 4; lastKnownFileType = sourcecode.c.h; path = MASCompositeConstraint.h; sourceTree = "<group>"; };
		3731E04C1D671D0E008F9BA9 /* MASCompositeConstraint.m */ = {isa = PBXFileReference; fileEncoding = 4; lastKnownFileType = sourcecode.c.objc; path = MASCompositeConstraint.m; sourceTree = "<group>"; };
		3731E04D1D671D0E008F9BA9 /* MASConstraint+Private.h */ = {isa = PBXFileReference; fileEncoding = 4; lastKnownFileType = sourcecode.c.h; path = "MASConstraint+Private.h"; sourceTree = "<group>"; };
		3731E04E1D671D0E008F9BA9 /* MASConstraint.h */ = {isa = PBXFileReference; fileEncoding = 4; lastKnownFileType = sourcecode.c.h; path = MASConstraint.h; sourceTree = "<group>"; };
		3731E04F1D671D0E008F9BA9 /* MASConstraint.m */ = {isa = PBXFileReference; fileEncoding = 4; lastKnownFileType = sourcecode.c.objc; path = MASConstraint.m; sourceTree = "<group>"; };
		3731E0501D671D0E008F9BA9 /* MASConstraintMaker.h */ = {isa = PBXFileReference; fileEncoding = 4; lastKnownFileType = sourcecode.c.h; path = MASConstraintMaker.h; sourceTree = "<group>"; };
		3731E0511D671D0E008F9BA9 /* MASConstraintMaker.m */ = {isa = PBXFileReference; fileEncoding = 4; lastKnownFileType = sourcecode.c.objc; path = MASConstraintMaker.m; sourceTree = "<group>"; };
		3731E0521D671D0E008F9BA9 /* MASLayoutConstraint.h */ = {isa = PBXFileReference; fileEncoding = 4; lastKnownFileType = sourcecode.c.h; path = MASLayoutConstraint.h; sourceTree = "<group>"; };
		3731E0531D671D0E008F9BA9 /* MASLayoutConstraint.m */ = {isa = PBXFileReference; fileEncoding = 4; lastKnownFileType = sourcecode.c.objc; path = MASLayoutConstraint.m; sourceTree = "<group>"; };
		3731E0541D671D0E008F9BA9 /* Masonry.h */ = {isa = PBXFileReference; fileEncoding = 4; lastKnownFileType = sourcecode.c.h; path = Masonry.h; sourceTree = "<group>"; };
		3731E0551D671D0E008F9BA9 /* MASUtilities.h */ = {isa = PBXFileReference; fileEncoding = 4; lastKnownFileType = sourcecode.c.h; path = MASUtilities.h; sourceTree = "<group>"; };
		3731E0561D671D0E008F9BA9 /* MASViewAttribute.h */ = {isa = PBXFileReference; fileEncoding = 4; lastKnownFileType = sourcecode.c.h; path = MASViewAttribute.h; sourceTree = "<group>"; };
		3731E0571D671D0E008F9BA9 /* MASViewAttribute.m */ = {isa = PBXFileReference; fileEncoding = 4; lastKnownFileType = sourcecode.c.objc; path = MASViewAttribute.m; sourceTree = "<group>"; };
		3731E0581D671D0E008F9BA9 /* MASViewConstraint.h */ = {isa = PBXFileReference; fileEncoding = 4; lastKnownFileType = sourcecode.c.h; path = MASViewConstraint.h; sourceTree = "<group>"; };
		3731E0591D671D0E008F9BA9 /* MASViewConstraint.m */ = {isa = PBXFileReference; fileEncoding = 4; lastKnownFileType = sourcecode.c.objc; path = MASViewConstraint.m; sourceTree = "<group>"; };
		3731E05A1D671D0E008F9BA9 /* NSArray+MASAdditions.h */ = {isa = PBXFileReference; fileEncoding = 4; lastKnownFileType = sourcecode.c.h; path = "NSArray+MASAdditions.h"; sourceTree = "<group>"; };
		3731E05B1D671D0E008F9BA9 /* NSArray+MASAdditions.m */ = {isa = PBXFileReference; fileEncoding = 4; lastKnownFileType = sourcecode.c.objc; path = "NSArray+MASAdditions.m"; sourceTree = "<group>"; };
		3731E05C1D671D0E008F9BA9 /* NSArray+MASShorthandAdditions.h */ = {isa = PBXFileReference; fileEncoding = 4; lastKnownFileType = sourcecode.c.h; path = "NSArray+MASShorthandAdditions.h"; sourceTree = "<group>"; };
		3731E05D1D671D0E008F9BA9 /* NSLayoutConstraint+MASDebugAdditions.h */ = {isa = PBXFileReference; fileEncoding = 4; lastKnownFileType = sourcecode.c.h; path = "NSLayoutConstraint+MASDebugAdditions.h"; sourceTree = "<group>"; };
		3731E05E1D671D0E008F9BA9 /* NSLayoutConstraint+MASDebugAdditions.m */ = {isa = PBXFileReference; fileEncoding = 4; lastKnownFileType = sourcecode.c.objc; path = "NSLayoutConstraint+MASDebugAdditions.m"; sourceTree = "<group>"; };
		3731E05F1D671D0E008F9BA9 /* View+MASAdditions.h */ = {isa = PBXFileReference; fileEncoding = 4; lastKnownFileType = sourcecode.c.h; path = "View+MASAdditions.h"; sourceTree = "<group>"; };
		3731E0601D671D0E008F9BA9 /* View+MASAdditions.m */ = {isa = PBXFileReference; fileEncoding = 4; lastKnownFileType = sourcecode.c.objc; path = "View+MASAdditions.m"; sourceTree = "<group>"; };
		3731E0611D671D0E008F9BA9 /* View+MASShorthandAdditions.h */ = {isa = PBXFileReference; fileEncoding = 4; lastKnownFileType = sourcecode.c.h; path = "View+MASShorthandAdditions.h"; sourceTree = "<group>"; };
		3731E0621D671D0E008F9BA9 /* ViewController+MASAdditions.h */ = {isa = PBXFileReference; fileEncoding = 4; lastKnownFileType = sourcecode.c.h; path = "ViewController+MASAdditions.h"; sourceTree = "<group>"; };
		3731E0631D671D0E008F9BA9 /* ViewController+MASAdditions.m */ = {isa = PBXFileReference; fileEncoding = 4; lastKnownFileType = sourcecode.c.objc; path = "ViewController+MASAdditions.m"; sourceTree = "<group>"; };
		3731E13F1D671D67008F9BA9 /* PrefixHeader.pch */ = {isa = PBXFileReference; fileEncoding = 4; lastKnownFileType = sourcecode.c.h; path = PrefixHeader.pch; sourceTree = "<group>"; };
		3731E1411D671DD6008F9BA9 /* HYBLoadImageView.h */ = {isa = PBXFileReference; fileEncoding = 4; lastKnownFileType = sourcecode.c.h; path = HYBLoadImageView.h; sourceTree = "<group>"; };
		3731E1421D671DD6008F9BA9 /* HYBLoadImageView.m */ = {isa = PBXFileReference; fileEncoding = 4; lastKnownFileType = sourcecode.c.objc; path = HYBLoadImageView.m; sourceTree = "<group>"; };
		3731E1431D671DD6008F9BA9 /* HYBLoopScrollView.h */ = {isa = PBXFileReference; fileEncoding = 4; lastKnownFileType = sourcecode.c.h; path = HYBLoopScrollView.h; sourceTree = "<group>"; };
		3731E1441D671DD6008F9BA9 /* HYBLoopScrollView.m */ = {isa = PBXFileReference; fileEncoding = 4; lastKnownFileType = sourcecode.c.objc; path = HYBLoopScrollView.m; sourceTree = "<group>"; };
		3731E1451D671DD6008F9BA9 /* HYBPageControl.h */ = {isa = PBXFileReference; fileEncoding = 4; lastKnownFileType = sourcecode.c.h; path = HYBPageControl.h; sourceTree = "<group>"; };
		3731E1461D671DD6008F9BA9 /* HYBPageControl.m */ = {isa = PBXFileReference; fileEncoding = 4; lastKnownFileType = sourcecode.c.objc; path = HYBPageControl.m; sourceTree = "<group>"; };
		3731E1471D671DD6008F9BA9 /* UIView+HYBUIViewCommon.h */ = {isa = PBXFileReference; fileEncoding = 4; lastKnownFileType = sourcecode.c.h; path = "UIView+HYBUIViewCommon.h"; sourceTree = "<group>"; };
		3731E1481D671DD6008F9BA9 /* UIView+HYBUIViewCommon.m */ = {isa = PBXFileReference; fileEncoding = 4; lastKnownFileType = sourcecode.c.objc; path = "UIView+HYBUIViewCommon.m"; sourceTree = "<group>"; };
		3731E14D1D672058008F9BA9 /* CollectCell.h */ = {isa = PBXFileReference; fileEncoding = 4; lastKnownFileType = sourcecode.c.h; path = CollectCell.h; sourceTree = "<group>"; };
		3731E14E1D672058008F9BA9 /* CollectCell.m */ = {isa = PBXFileReference; fileEncoding = 4; lastKnownFileType = sourcecode.c.objc; path = CollectCell.m; sourceTree = "<group>"; };
		374BB7601D6856F700C25FA5 /* CollectionViewCell.h */ = {isa = PBXFileReference; fileEncoding = 4; lastKnownFileType = sourcecode.c.h; path = CollectionViewCell.h; sourceTree = "<group>"; };
		374BB7611D6856F700C25FA5 /* CollectionViewCell.m */ = {isa = PBXFileReference; fileEncoding = 4; lastKnownFileType = sourcecode.c.objc; path = CollectionViewCell.m; sourceTree = "<group>"; };
/* End PBXFileReference section */

/* Begin PBXFrameworksBuildPhase section */
		3731E02C1D671CDE008F9BA9 /* Frameworks */ = {
			isa = PBXFrameworksBuildPhase;
			buildActionMask = 2147483647;
			files = (
			);
			runOnlyForDeploymentPostprocessing = 0;
		};
/* End PBXFrameworksBuildPhase section */

/* Begin PBXGroup section */
		3731E0261D671CDE008F9BA9 = {
			isa = PBXGroup;
			children = (
				3731E13F1D671D67008F9BA9 /* PrefixHeader.pch */,
				3731E0311D671CDF008F9BA9 /* YHCountDown */,
				3731E0301D671CDE008F9BA9 /* Products */,
			);
			sourceTree = "<group>";
		};
		3731E0301D671CDE008F9BA9 /* Products */ = {
			isa = PBXGroup;
			children = (
				3731E02F1D671CDE008F9BA9 /* YHCountDown.app */,
			);
			name = Products;
			sourceTree = "<group>";
		};
		3731E0311D671CDF008F9BA9 /* YHCountDown */ = {
			isa = PBXGroup;
			children = (
				3731E0351D671CDF008F9BA9 /* AppDelegate.h */,
				3731E0361D671CDF008F9BA9 /* AppDelegate.m */,
				3731E0381D671CDF008F9BA9 /* ViewController.h */,
				3731E0391D671CDF008F9BA9 /* ViewController.m */,
				3731E14D1D672058008F9BA9 /* CollectCell.h */,
				3731E14E1D672058008F9BA9 /* CollectCell.m */,
				374BB7601D6856F700C25FA5 /* CollectionViewCell.h */,
				374BB7611D6856F700C25FA5 /* CollectionViewCell.m */,
				3731E1401D671DD6008F9BA9 /* HYBLoopScrollView */,
				3731E0491D671D0E008F9BA9 /* Masonry */,
				3731E03B1D671CDF008F9BA9 /* Main.storyboard */,
				3731E03E1D671CDF008F9BA9 /* Assets.xcassets */,
				3731E0401D671CDF008F9BA9 /* LaunchScreen.storyboard */,
				3731E0431D671CDF008F9BA9 /* Info.plist */,
				3731E0321D671CDF008F9BA9 /* Supporting Files */,
			);
			path = YHCountDown;
			sourceTree = "<group>";
		};
		3731E0321D671CDF008F9BA9 /* Supporting Files */ = {
			isa = PBXGroup;
			children = (
				3731E0331D671CDF008F9BA9 /* main.m */,
			);
			name = "Supporting Files";
			sourceTree = "<group>";
		};
		3731E0491D671D0E008F9BA9 /* Masonry */ = {
			isa = PBXGroup;
			children = (
				3731E04A1D671D0E008F9BA9 /* Info.plist */,
				3731E04B1D671D0E008F9BA9 /* MASCompositeConstraint.h */,
				3731E04C1D671D0E008F9BA9 /* MASCompositeConstraint.m */,
				3731E04D1D671D0E008F9BA9 /* MASConstraint+Private.h */,
				3731E04E1D671D0E008F9BA9 /* MASConstraint.h */,
				3731E04F1D671D0E008F9BA9 /* MASConstraint.m */,
				3731E0501D671D0E008F9BA9 /* MASConstraintMaker.h */,
				3731E0511D671D0E008F9BA9 /* MASConstraintMaker.m */,
				3731E0521D671D0E008F9BA9 /* MASLayoutConstraint.h */,
				3731E0531D671D0E008F9BA9 /* MASLayoutConstraint.m */,
				3731E0541D671D0E008F9BA9 /* Masonry.h */,
				3731E0551D671D0E008F9BA9 /* MASUtilities.h */,
				3731E0561D671D0E008F9BA9 /* MASViewAttribute.h */,
				3731E0571D671D0E008F9BA9 /* MASViewAttribute.m */,
				3731E0581D671D0E008F9BA9 /* MASViewConstraint.h */,
				3731E0591D671D0E008F9BA9 /* MASViewConstraint.m */,
				3731E05A1D671D0E008F9BA9 /* NSArray+MASAdditions.h */,
				3731E05B1D671D0E008F9BA9 /* NSArray+MASAdditions.m */,
				3731E05C1D671D0E008F9BA9 /* NSArray+MASShorthandAdditions.h */,
				3731E05D1D671D0E008F9BA9 /* NSLayoutConstraint+MASDebugAdditions.h */,
				3731E05E1D671D0E008F9BA9 /* NSLayoutConstraint+MASDebugAdditions.m */,
				3731E05F1D671D0E008F9BA9 /* View+MASAdditions.h */,
				3731E0601D671D0E008F9BA9 /* View+MASAdditions.m */,
				3731E0611D671D0E008F9BA9 /* View+MASShorthandAdditions.h */,
				3731E0621D671D0E008F9BA9 /* ViewController+MASAdditions.h */,
				3731E0631D671D0E008F9BA9 /* ViewController+MASAdditions.m */,
			);
			path = Masonry;
			sourceTree = "<group>";
		};
		3731E1401D671DD6008F9BA9 /* HYBLoopScrollView */ = {
			isa = PBXGroup;
			children = (
				3731E1411D671DD6008F9BA9 /* HYBLoadImageView.h */,
				3731E1421D671DD6008F9BA9 /* HYBLoadImageView.m */,
				3731E1431D671DD6008F9BA9 /* HYBLoopScrollView.h */,
				3731E1441D671DD6008F9BA9 /* HYBLoopScrollView.m */,
				3731E1451D671DD6008F9BA9 /* HYBPageControl.h */,
				3731E1461D671DD6008F9BA9 /* HYBPageControl.m */,
				3731E1471D671DD6008F9BA9 /* UIView+HYBUIViewCommon.h */,
				3731E1481D671DD6008F9BA9 /* UIView+HYBUIViewCommon.m */,
			);
			path = HYBLoopScrollView;
			sourceTree = "<group>";
		};
/* End PBXGroup section */

/* Begin PBXNativeTarget section */
		3731E02E1D671CDE008F9BA9 /* YHCountDown */ = {
			isa = PBXNativeTarget;
			buildConfigurationList = 3731E0461D671CDF008F9BA9 /* Build configuration list for PBXNativeTarget "YHCountDown" */;
			buildPhases = (
				3731E02B1D671CDE008F9BA9 /* Sources */,
				3731E02C1D671CDE008F9BA9 /* Frameworks */,
				3731E02D1D671CDE008F9BA9 /* Resources */,
			);
			buildRules = (
			);
			dependencies = (
			);
			name = YHCountDown;
			productName = YHCountDown;
			productReference = 3731E02F1D671CDE008F9BA9 /* YHCountDown.app */;
			productType = "com.apple.product-type.application";
		};
/* End PBXNativeTarget section */

/* Begin PBXProject section */
		3731E0271D671CDE008F9BA9 /* Project object */ = {
			isa = PBXProject;
			attributes = {
				LastUpgradeCheck = 0720;
				ORGANIZATIONNAME = Pinksnow;
				TargetAttributes = {
					3731E02E1D671CDE008F9BA9 = {
						CreatedOnToolsVersion = 7.2.1;
					};
				};
			};
			buildConfigurationList = 3731E02A1D671CDE008F9BA9 /* Build configuration list for PBXProject "YHCountDown" */;
			compatibilityVersion = "Xcode 3.2";
			developmentRegion = English;
			hasScannedForEncodings = 0;
			knownRegions = (
				en,
				Base,
			);
			mainGroup = 3731E0261D671CDE008F9BA9;
			productRefGroup = 3731E0301D671CDE008F9BA9 /* Products */;
			projectDirPath = "";
			projectRoot = "";
			targets = (
				3731E02E1D671CDE008F9BA9 /* YHCountDown */,
			);
		};
/* End PBXProject section */

/* Begin PBXResourcesBuildPhase section */
		3731E02D1D671CDE008F9BA9 /* Resources */ = {
			isa = PBXResourcesBuildPhase;
			buildActionMask = 2147483647;
			files = (
				3731E0641D671D0E008F9BA9 /* Info.plist in Resources */,
				3731E0421D671CDF008F9BA9 /* LaunchScreen.storyboard in Resources */,
				3731E03F1D671CDF008F9BA9 /* Assets.xcassets in Resources */,
				3731E03D1D671CDF008F9BA9 /* Main.storyboard in Resources */,
			);
			runOnlyForDeploymentPostprocessing = 0;
		};
/* End PBXResourcesBuildPhase section */

/* Begin PBXSourcesBuildPhase section */
		3731E02B1D671CDE008F9BA9 /* Sources */ = {
			isa = PBXSourcesBuildPhase;
			buildActionMask = 2147483647;
			files = (
				3731E14C1D671DD6008F9BA9 /* UIView+HYBUIViewCommon.m in Sources */,
				3731E06C1D671D0E008F9BA9 /* NSLayoutConstraint+MASDebugAdditions.m in Sources */,
				3731E06A1D671D0E008F9BA9 /* MASViewConstraint.m in Sources */,
				3731E0651D671D0E008F9BA9 /* MASCompositeConstraint.m in Sources */,
				3731E06B1D671D0E008F9BA9 /* NSArray+MASAdditions.m in Sources */,
				3731E03A1D671CDF008F9BA9 /* ViewController.m in Sources */,
				374BB7621D6856F700C25FA5 /* CollectionViewCell.m in Sources */,
				3731E0371D671CDF008F9BA9 /* AppDelegate.m in Sources */,
				3731E1491D671DD6008F9BA9 /* HYBLoadImageView.m in Sources */,
				3731E0681D671D0E008F9BA9 /* MASLayoutConstraint.m in Sources */,
				3731E14A1D671DD6008F9BA9 /* HYBLoopScrollView.m in Sources */,
				3731E0341D671CDF008F9BA9 /* main.m in Sources */,
				3731E06E1D671D0E008F9BA9 /* ViewController+MASAdditions.m in Sources */,
				3731E06D1D671D0E008F9BA9 /* View+MASAdditions.m in Sources */,
				3731E14B1D671DD6008F9BA9 /* HYBPageControl.m in Sources */,
				3731E0691D671D0E008F9BA9 /* MASViewAttribute.m in Sources */,
				3731E0661D671D0E008F9BA9 /* MASConstraint.m in Sources */,
				3731E14F1D672058008F9BA9 /* CollectCell.m in Sources */,
				3731E0671D671D0E008F9BA9 /* MASConstraintMaker.m in Sources */,
			);
			runOnlyForDeploymentPostprocessing = 0;
		};
/* End PBXSourcesBuildPhase section */

/* Begin PBXVariantGroup section */
		3731E03B1D671CDF008F9BA9 /* Main.storyboard */ = {
			isa = PBXVariantGroup;
			children = (
				3731E03C1D671CDF008F9BA9 /* Base */,
			);
			name = Main.storyboard;
			sourceTree = "<group>";
		};
		3731E0401D671CDF008F9BA9 /* LaunchScreen.storyboard */ = {
			isa = PBXVariantGroup;
			children = (
				3731E0411D671CDF008F9BA9 /* Base */,
			);
			name = LaunchScreen.storyboard;
			sourceTree = "<group>";
		};
/* End PBXVariantGroup section */

/* Begin XCBuildConfiguration section */
		3731E0441D671CDF008F9BA9 /* Debug */ = {
			isa = XCBuildConfiguration;
			buildSettings = {
				ALWAYS_SEARCH_USER_PATHS = NO;
				CLANG_CXX_LANGUAGE_STANDARD = "gnu++0x";
				CLANG_CXX_LIBRARY = "libc++";
				CLANG_ENABLE_MODULES = YES;
				CLANG_ENABLE_OBJC_ARC = YES;
				CLANG_WARN_BOOL_CONVERSION = YES;
				CLANG_WARN_CONSTANT_CONVERSION = YES;
				CLANG_WARN_DIRECT_OBJC_ISA_USAGE = YES_ERROR;
				CLANG_WARN_EMPTY_BODY = YES;
				CLANG_WARN_ENUM_CONVERSION = YES;
				CLANG_WARN_INT_CONVERSION = YES;
				CLANG_WARN_OBJC_ROOT_CLASS = YES_ERROR;
				CLANG_WARN_UNREACHABLE_CODE = YES;
				CLANG_WARN__DUPLICATE_METHOD_MATCH = YES;
				"CODE_SIGN_IDENTITY[sdk=iphoneos*]" = "iPhone Developer";
				COPY_PHASE_STRIP = NO;
				DEBUG_INFORMATION_FORMAT = dwarf;
				ENABLE_STRICT_OBJC_MSGSEND = YES;
				ENABLE_TESTABILITY = YES;
				GCC_C_LANGUAGE_STANDARD = gnu99;
				GCC_DYNAMIC_NO_PIC = NO;
				GCC_NO_COMMON_BLOCKS = YES;
				GCC_OPTIMIZATION_LEVEL = 0;
				GCC_PREPROCESSOR_DEFINITIONS = (
					"DEBUG=1",
					"$(inherited)",
				);
				GCC_WARN_64_TO_32_BIT_CONVERSION = YES;
				GCC_WARN_ABOUT_RETURN_TYPE = YES_ERROR;
				GCC_WARN_UNDECLARED_SELECTOR = YES;
				GCC_WARN_UNINITIALIZED_AUTOS = YES_AGGRESSIVE;
				GCC_WARN_UNUSED_FUNCTION = YES;
				GCC_WARN_UNUSED_VARIABLE = YES;
				IPHONEOS_DEPLOYMENT_TARGET = 9.2;
				MTL_ENABLE_DEBUG_INFO = YES;
				ONLY_ACTIVE_ARCH = YES;
				SDKROOT = iphoneos;
			};
			name = Debug;
		};
		3731E0451D671CDF008F9BA9 /* Release */ = {
			isa = XCBuildConfiguration;
			buildSettings = {
				ALWAYS_SEARCH_USER_PATHS = NO;
				CLANG_CXX_LANGUAGE_STANDARD = "gnu++0x";
				CLANG_CXX_LIBRARY = "libc++";
				CLANG_ENABLE_MODULES = YES;
				CLANG_ENABLE_OBJC_ARC = YES;
				CLANG_WARN_BOOL_CONVERSION = YES;
				CLANG_WARN_CONSTANT_CONVERSION = YES;
				CLANG_WARN_DIRECT_OBJC_ISA_USAGE = YES_ERROR;
				CLANG_WARN_EMPTY_BODY = YES;
				CLANG_WARN_ENUM_CONVERSION = YES;
				CLANG_WARN_INT_CONVERSION = YES;
				CLANG_WARN_OBJC_ROOT_CLASS = YES_ERROR;
				CLANG_WARN_UNREACHABLE_CODE = YES;
				CLANG_WARN__DUPLICATE_METHOD_MATCH = YES;
				"CODE_SIGN_IDENTITY[sdk=iphoneos*]" = "iPhone Developer";
				COPY_PHASE_STRIP = NO;
				DEBUG_INFORMATION_FORMAT = "dwarf-with-dsym";
				ENABLE_NS_ASSERTIONS = NO;
				ENABLE_STRICT_OBJC_MSGSEND = YES;
				GCC_C_LANGUAGE_STANDARD = gnu99;
				GCC_NO_COMMON_BLOCKS = YES;
				GCC_WARN_64_TO_32_BIT_CONVERSION = YES;
				GCC_WARN_ABOUT_RETURN_TYPE = YES_ERROR;
				GCC_WARN_UNDECLARED_SELECTOR = YES;
				GCC_WARN_UNINITIALIZED_AUTOS = YES_AGGRESSIVE;
				GCC_WARN_UNUSED_FUNCTION = YES;
				GCC_WARN_UNUSED_VARIABLE = YES;
				IPHONEOS_DEPLOYMENT_TARGET = 9.2;
				MTL_ENABLE_DEBUG_INFO = NO;
				SDKROOT = iphoneos;
				VALIDATE_PRODUCT = YES;
			};
			name = Release;
		};
		3731E0471D671CDF008F9BA9 /* Debug */ = {
			isa = XCBuildConfiguration;
			buildSettings = {
				ASSETCATALOG_COMPILER_APPICON_NAME = AppIcon;
				GCC_PREFIX_HEADER = /Users/XingShanKeJi/Desktop/YHCountDown/PrefixHeader.pch;
				INFOPLIST_FILE = YHCountDown/Info.plist;
				LD_RUNPATH_SEARCH_PATHS = "$(inherited) @executable_path/Frameworks";
				PRODUCT_BUNDLE_IDENTIFIER = com.pink.YHCountDown;
				PRODUCT_NAME = "$(TARGET_NAME)";
			};
			name = Debug;
		};
		3731E0481D671CDF008F9BA9 /* Release */ = {
			isa = XCBuildConfiguration;
			buildSettings = {
				ASSETCATALOG_COMPILER_APPICON_NAME = AppIcon;
				GCC_PREFIX_HEADER = /Users/XingShanKeJi/Desktop/YHCountDown/PrefixHeader.pch;
				INFOPLIST_FILE = YHCountDown/Info.plist;
				LD_RUNPATH_SEARCH_PATHS = "$(inherited) @executable_path/Frameworks";
				PRODUCT_BUNDLE_IDENTIFIER = com.pink.YHCountDown;
				PRODUCT_NAME = "$(TARGET_NAME)";
			};
			name = Release;
		};
/* End XCBuildConfiguration section */

/* Begin XCConfigurationList section */
		3731E02A1D671CDE008F9BA9 /* Build configuration list for PBXProject "YHCountDown" */ = {
			isa = XCConfigurationList;
			buildConfigurations = (
				3731E0441D671CDF008F9BA9 /* Debug */,
				3731E0451D671CDF008F9BA9 /* Release */,
			);
			defaultConfigurationIsVisible = 0;
			defaultConfigurationName = Release;
		};
		3731E0461D671CDF008F9BA9 /* Build configuration list for PBXNativeTarget "YHCountDown" */ = {
			isa = XCConfigurationList;
			buildConfigurations = (
				3731E0471D671CDF008F9BA9 /* Debug */,
				3731E0481D671CDF008F9BA9 /* Release */,
			);
			defaultConfigurationIsVisible = 0;
			defaultConfigurationName = Release;
		};
/* End XCConfigurationList section */
	};
	rootObject = 3731E0271D671CDE008F9BA9 /* Project object */;
}
